
Microsoft Visual Studio Solution File, Format Version 12.00
# Visual Studio Version 17
VisualStudioVersion = 17.5.33530.505
MinimumVisualStudioVersion = 10.0.40219.1
Project("{FAE04EC0-301F-11D3-BF4B-00C04F79EFBC}") = "OgrUygulama", "OgrUygulama\OgrUygulama.csproj", "{B61E2D56-575A-4060-BBEB-7738178BCB7F}"
EndProject
Global
	GlobalSection(SolutionConfigurationPlatforms) = preSolution
		Debug|Any CPU = Debug|Any CPU
		Release|Any CPU = Release|Any CPU
	EndGlobalSection
	GlobalSection(ProjectConfigurationPlatforms) = postSolution
		{B61E2D56-575A-4060-BBEB-7738178BCB7F}.Debug|Any CPU.ActiveCfg = Debug|Any CPU
		{B61E2D56-575A-4060-BBEB-7738178BCB7F}.Debug|Any CPU.Build.0 = Debug|Any CPU
		{B61E2D56-575A-4060-BBEB-7738178BCB7F}.Release|Any CPU.ActiveCfg = Release|Any CPU
		{B61E2D56-575A-4060-BBEB-7738178BCB7F}.Release|Any CPU.Build.0 = Release|Any CPU
	EndGlobalSection
	GlobalSection(SolutionProperties) = preSolution
		HideSolutionNode = FALSE
	EndGlobalSection
	GlobalSection(ExtensibilityGlobals) = postSolution
		SolutionGuid = {BEA002EE-1578-411D-8CD2-3D99C3BE0C8D}
	EndGlobalSection
EndGlobal
